// !$*UTF8*$!
{
	archiveVersion = 1;
	classes = {
	};
	objectVersion = 46;
	objects = {

/* Begin PBXBuildFile section */
		9A003AA01DAD531D00D2A7B6 /* amphetamine-d.png in Resources */ = {isa = PBXBuildFile; fileRef = 9A003A941DAD531D00D2A7B6 /* amphetamine-d.png */; };
		9A003AA11DAD531D00D2A7B6 /* amphetamine-dl.png in Resources */ = {isa = PBXBuildFile; fileRef = 9A003A951DAD531D00D2A7B6 /* amphetamine-dl.png */; };
		9A003AA31DAD531D00D2A7B6 /* aripiprazolelai1_6e.png in Resources */ = {isa = PBXBuildFile; fileRef = 9A003A971DAD531D00D2A7B6 /* aripiprazolelai1_6e.png */; };
		9A003AA41DAD531D00D2A7B6 /* aripiprazollai2_6e.png in Resources */ = {isa = PBXBuildFile; fileRef = 9A003A981DAD531D00D2A7B6 /* aripiprazollai2_6e.png */; };
		9A003AA61DAD531D00D2A7B6 /* fluphenazine-lai.png in Resources */ = {isa = PBXBuildFile; fileRef = 9A003A9A1DAD531D00D2A7B6 /* fluphenazine-lai.png */; };
		9A003AA71DAD531D00D2A7B6 /* haloperidol-lai.png in Resources */ = {isa = PBXBuildFile; fileRef = 9A003A9B1DAD531D00D2A7B6 /* haloperidol-lai.png */; };
		9A003AA81DAD531D00D2A7B6 /* methylphenidate-d.png in Resources */ = {isa = PBXBuildFile; fileRef = 9A003A9C1DAD531D00D2A7B6 /* methylphenidate-d.png */; };
		9A003AA91DAD531D00D2A7B6 /* methylphenidate-dl.png in Resources */ = {isa = PBXBuildFile; fileRef = 9A003A9D1DAD531D00D2A7B6 /* methylphenidate-dl.png */; };
		9A003AAA1DAD531D00D2A7B6 /* olanzapinelai.png in Resources */ = {isa = PBXBuildFile; fileRef = 9A003A9E1DAD531D00D2A7B6 /* olanzapinelai.png */; };
		9A003AAB1DAD531D00D2A7B6 /* risperidonelai.png in Resources */ = {isa = PBXBuildFile; fileRef = 9A003A9F1DAD531D00D2A7B6 /* risperidonelai.png */; };
		9A1106DD1DAD87A6007B4C8D /* aripiprazole_lai.png in Resources */ = {isa = PBXBuildFile; fileRef = 9A1106DC1DAD87A6007B4C8D /* aripiprazole_lai.png */; };
		9A1106DF1DAD87B3007B4C8D /* clozapine_anc_ben.png in Resources */ = {isa = PBXBuildFile; fileRef = 9A1106DE1DAD87B3007B4C8D /* clozapine_anc_ben.png */; };
		9A1106E11DAD87BC007B4C8D /* clozapine_anc_general.png in Resources */ = {isa = PBXBuildFile; fileRef = 9A1106E01DAD87BC007B4C8D /* clozapine_anc_general.png */; };
		9A1106E31DADADCF007B4C8D /* NEIPG.sqlite in Resources */ = {isa = PBXBuildFile; fileRef = 9A1106E21DADADCF007B4C8D /* NEIPG.sqlite */; };
		9A1F3B7C18EE182C00D825EE /* disclaimer.htm in Resources */ = {isa = PBXBuildFile; fileRef = 9A1F3B7B18EE182C00D825EE /* disclaimer.htm */; };
		9A62910A182C643C007B924C /* Foundation.framework in Frameworks */ = {isa = PBXBuildFile; fileRef = 9A629109182C643C007B924C /* Foundation.framework */; };
		9A62910C182C643C007B924C /* CoreGraphics.framework in Frameworks */ = {isa = PBXBuildFile; fileRef = 9A62910B182C643C007B924C /* CoreGraphics.framework */; };
		9A62910E182C643C007B924C /* UIKit.framework in Frameworks */ = {isa = PBXBuildFile; fileRef = 9A62910D182C643C007B924C /* UIKit.framework */; };
		9A629114182C643C007B924C /* InfoPlist.strings in Resources */ = {isa = PBXBuildFile; fileRef = 9A629112182C643C007B924C /* InfoPlist.strings */; };
		9A62911D182C643C007B924C /* Main_iPhone.storyboard in Resources */ = {isa = PBXBuildFile; fileRef = 9A62911B182C643C007B924C /* Main_iPhone.storyboard */; };
		9A629120182C643C007B924C /* Main_iPad.storyboard in Resources */ = {isa = PBXBuildFile; fileRef = 9A62911E182C643C007B924C /* Main_iPad.storyboard */; };
		9A629128182C643C007B924C /* Images.xcassets in Resources */ = {isa = PBXBuildFile; fileRef = 9A629127182C643C007B924C /* Images.xcassets */; };
		9A62912F182C643C007B924C /* XCTest.framework in Frameworks */ = {isa = PBXBuildFile; fileRef = 9A62912E182C643C007B924C /* XCTest.framework */; };
		9A629130182C643C007B924C /* Foundation.framework in Frameworks */ = {isa = PBXBuildFile; fileRef = 9A629109182C643C007B924C /* Foundation.framework */; };
		9A629131182C643C007B924C /* UIKit.framework in Frameworks */ = {isa = PBXBuildFile; fileRef = 9A62910D182C643C007B924C /* UIKit.framework */; };
		9A629139182C643C007B924C /* InfoPlist.strings in Resources */ = {isa = PBXBuildFile; fileRef = 9A629137182C643C007B924C /* InfoPlist.strings */; };
		9A62913B182C643C007B924C /* NEIPGTests.m in Sources */ = {isa = PBXBuildFile; fileRef = 9A62913A182C643C007B924C /* NEIPGTests.m */; };
		9A7292DD1BD19D5D002AE940 /* amisulpride_01.png in Resources */ = {isa = PBXBuildFile; fileRef = 9A7292C71BD19D5D002AE940 /* amisulpride_01.png */; };
		9A7292DE1BD19D5D002AE940 /* aripiprazole_01.png in Resources */ = {isa = PBXBuildFile; fileRef = 9A7292C81BD19D5D002AE940 /* aripiprazole_01.png */; };
		9A7292DF1BD19D5D002AE940 /* asenapine_01.png in Resources */ = {isa = PBXBuildFile; fileRef = 9A7292C91BD19D5D002AE940 /* asenapine_01.png */; };
		9A7292E01BD19D5D002AE940 /* brexpiprazole_01.png in Resources */ = {isa = PBXBuildFile; fileRef = 9A7292CA1BD19D5D002AE940 /* brexpiprazole_01.png */; };
		9A7292E11BD19D5D002AE940 /* buprenorphine_table.png in Resources */ = {isa = PBXBuildFile; fileRef = 9A7292CB1BD19D5D002AE940 /* buprenorphine_table.png */; };
		9A7292E21BD19D5D002AE940 /* cariprazine_01.png in Resources */ = {isa = PBXBuildFile; fileRef = 9A7292CC1BD19D5D002AE940 /* cariprazine_01.png */; };
		9A7292E31BD19D5D002AE940 /* clozapine_01.png in Resources */ = {isa = PBXBuildFile; fileRef = 9A7292CD1BD19D5D002AE940 /* clozapine_01.png */; };
		9A7292E41BD19D5D002AE940 /* from_maoi.png in Resources */ = {isa = PBXBuildFile; fileRef = 9A7292CE1BD19D5D002AE940 /* from_maoi.png */; };
		9A7292E51BD19D5D002AE940 /* gabapentin.png in Resources */ = {isa = PBXBuildFile; fileRef = 9A7292CF1BD19D5D002AE940 /* gabapentin.png */; };
		9A7292E61BD19D5D002AE940 /* iloperidone_01.png in Resources */ = {isa = PBXBuildFile; fileRef = 9A7292D01BD19D5D002AE940 /* iloperidone_01.png */; };
		9A7292E71BD19D5D002AE940 /* lurasidone_01.png in Resources */ = {isa = PBXBuildFile; fileRef = 9A7292D11BD19D5D002AE940 /* lurasidone_01.png */; };
		9A7292E81BD19D5D002AE940 /* maoi_tables.png in Resources */ = {isa = PBXBuildFile; fileRef = 9A7292D21BD19D5D002AE940 /* maoi_tables.png */; };
		9A7292E91BD19D5D002AE940 /* olanzapine_01.png in Resources */ = {isa = PBXBuildFile; fileRef = 9A7292D31BD19D5D002AE940 /* olanzapine_01.png */; };
		9A7292EA1BD19D5D002AE940 /* olanzapine_lai_01.png in Resources */ = {isa = PBXBuildFile; fileRef = 9A7292D41BD19D5D002AE940 /* olanzapine_lai_01.png */; };
		9A7292EB1BD19D5D002AE940 /* palipalm_01.png in Resources */ = {isa = PBXBuildFile; fileRef = 9A7292D51BD19D5D002AE940 /* palipalm_01.png */; };
		9A7292EC1BD19D5D002AE940 /* paliperidoneer_01.png in Resources */ = {isa = PBXBuildFile; fileRef = 9A7292D61BD19D5D002AE940 /* paliperidoneer_01.png */; };
		9A7292ED1BD19D5D002AE940 /* quetiapine_01.png in Resources */ = {isa = PBXBuildFile; fileRef = 9A7292D71BD19D5D002AE940 /* quetiapine_01.png */; };
		9A7292EE1BD19D5D002AE940 /* risp_lai_01.png in Resources */ = {isa = PBXBuildFile; fileRef = 9A7292D81BD19D5D002AE940 /* risp_lai_01.png */; };
		9A7292EF1BD19D5D002AE940 /* risperidone_01.png in Resources */ = {isa = PBXBuildFile; fileRef = 9A7292D91BD19D5D002AE940 /* risperidone_01.png */; };
		9A7292F01BD19D5D002AE940 /* schiz_tr.png in Resources */ = {isa = PBXBuildFile; fileRef = 9A7292DA1BD19D5D002AE940 /* schiz_tr.png */; };
		9A7292F11BD19D5D002AE940 /* to_maoi.png in Resources */ = {isa = PBXBuildFile; fileRef = 9A7292DB1BD19D5D002AE940 /* to_maoi.png */; };
		9A7292F21BD19D5D002AE940 /* ziprasidone_01.png in Resources */ = {isa = PBXBuildFile; fileRef = 9A7292DC1BD19D5D002AE940 /* ziprasidone_01.png */; };
		9A7E6E0E1857ED7E00EDC2C1 /* next-cal.gif in Resources */ = {isa = PBXBuildFile; fileRef = 9A7E6E0D1857ED7E00EDC2C1 /* next-cal.gif */; };
		9A9D218618510326007FFBE6 /* NEIPG.xcdatamodeld in Sources */ = {isa = PBXBuildFile; fileRef = 9A9D218418510326007FFBE6 /* NEIPG.xcdatamodeld */; };
		9A9F222718E4D795001C42AB /* nei_logo.png in Resources */ = {isa = PBXBuildFile; fileRef = 9A9F222618E4D795001C42AB /* nei_logo.png */; };
		9A9F95F218EC709000ECA3E7 /* callout1.png in Resources */ = {isa = PBXBuildFile; fileRef = 9A9F95EE18EC709000ECA3E7 /* callout1.png */; };
		9A9F95F718ECC3D100ECA3E7 /* star1.png in Resources */ = {isa = PBXBuildFile; fileRef = 9A9F95F618ECC3D100ECA3E7 /* star1.png */; };
		9A9FB6D7193637AC006B1538 /* pl_az_bel.gif in Resources */ = {isa = PBXBuildFile; fileRef = 9A9FB6D2193637AC006B1538 /* pl_az_bel.gif */; };
		9A9FB6D8193637AC006B1538 /* pl_sunpharma_india.gif in Resources */ = {isa = PBXBuildFile; fileRef = 9A9FB6D3193637AC006B1538 /* pl_sunpharma_india.gif */; };
		9A9FB6D9193637AC006B1538 /* pl_torrent_india.gif in Resources */ = {isa = PBXBuildFile; fileRef = 9A9FB6D4193637AC006B1538 /* pl_torrent_india.gif */; };
		9A9FB6DA193637AC006B1538 /* pl_wyeth_aus.gif in Resources */ = {isa = PBXBuildFile; fileRef = 9A9FB6D5193637AC006B1538 /* pl_wyeth_aus.gif */; };
		9A9FB6DB193637AC006B1538 /* pl_wyeth_dubai.gif in Resources */ = {isa = PBXBuildFile; fileRef = 9A9FB6D6193637AC006B1538 /* pl_wyeth_dubai.gif */; };
		9AA0810718E9E3BF00786670 /* menu.png in Resources */ = {isa = PBXBuildFile; fileRef = 9AA0810618E9E3BF00786670 /* menu.png */; };
		9AA0810918EA16EF00786670 /* styles.css in Resources */ = {isa = PBXBuildFile; fileRef = 9AA0810818EA16EF00786670 /* styles.css */; };
		9AA0C9AA18627B9900457201 /* libsqlite3.0.dylib in Frameworks */ = {isa = PBXBuildFile; fileRef = 9AA0C9A918627B9900457201 /* libsqlite3.0.dylib */; };
		9AA4D73218EB351500969A11 /* artofpsychopharmacology.png in Resources */ = {isa = PBXBuildFile; fileRef = 9AA4D72718EB351500969A11 /* artofpsychopharmacology.png */; };
		9AA4D73318EB351500969A11 /* commonlyprescribedfor.png in Resources */ = {isa = PBXBuildFile; fileRef = 9AA4D72818EB351500969A11 /* commonlyprescribedfor.png */; };
		9AA4D73418EB351500969A11 /* contraindications.png in Resources */ = {isa = PBXBuildFile; fileRef = 9AA4D72918EB351500969A11 /* contraindications.png */; };
		9AA4D73518EB351500969A11 /* dosinganduse.png in Resources */ = {isa = PBXBuildFile; fileRef = 9AA4D72A18EB351500969A11 /* dosinganduse.png */; };
		9AA4D73618EB351500969A11 /* interactions.png in Resources */ = {isa = PBXBuildFile; fileRef = 9AA4D72B18EB351500969A11 /* interactions.png */; };
		9AA4D73718EB351500969A11 /* moa.png in Resources */ = {isa = PBXBuildFile; fileRef = 9AA4D72C18EB351500969A11 /* moa.png */; };
		9AA4D73818EB351500969A11 /* resources.png in Resources */ = {isa = PBXBuildFile; fileRef = 9AA4D72D18EB351500969A11 /* resources.png */; };
		9AA4D73918EB351500969A11 /* sideeffects.png in Resources */ = {isa = PBXBuildFile; fileRef = 9AA4D72E18EB351500969A11 /* sideeffects.png */; };
		9AA4D73A18EB351500969A11 /* specialpopulations.png in Resources */ = {isa = PBXBuildFile; fileRef = 9AA4D72F18EB351500969A11 /* specialpopulations.png */; };
		9AA4D73B18EB351500969A11 /* therapeuticresponse.png in Resources */ = {isa = PBXBuildFile; fileRef = 9AA4D73018EB351500969A11 /* therapeuticresponse.png */; };
		9AA4D73C18EB351500969A11 /* warningsprecautions.png in Resources */ = {isa = PBXBuildFile; fileRef = 9AA4D73118EB351500969A11 /* warningsprecautions.png */; };
		9AA4D76218EB4B2800969A11 /* bullet_red_asterisk.png in Resources */ = {isa = PBXBuildFile; fileRef = 9AA4D76118EB4B2800969A11 /* bullet_red_asterisk.png */; };
		9ABE58FC18B67A47007ECB2C /* Security.framework in Frameworks */ = {isa = PBXBuildFile; fileRef = 9ABE58FB18B67A47007ECB2C /* Security.framework */; settings = {ATTRIBUTES = (Required, ); }; };
		9AC4B87418A998680017F86E /* close.png in Resources */ = {isa = PBXBuildFile; fileRef = 9AC4B87318A998680017F86E /* close.png */; };
		9ADD2B3E1912C63400051B24 /* bullet1.png in Resources */ = {isa = PBXBuildFile; fileRef = 9ADD2B3C1912C63400051B24 /* bullet1.png */; };
		9ADD2B421912CB6E00051B24 /* pk.png in Resources */ = {isa = PBXBuildFile; fileRef = 9ADD2B401912CB6E00051B24 /* pk.png */; };
		9ADD2B431912CB6E00051B24 /* comorbid.png in Resources */ = {isa = PBXBuildFile; fileRef = 9ADD2B411912CB6E00051B24 /* comorbid.png */; };
		9B0CFBA91DFB54A100EA86B1 /* AutoCompleteIndicationViewController.swift in Sources */ = {isa = PBXBuildFile; fileRef = 9B0CFB9E1DFB54A100EA86B1 /* AutoCompleteIndicationViewController.swift */; };
		9B0CFBAA1DFB54A100EA86B1 /* AutoCompleteTextFieldViewController.swift in Sources */ = {isa = PBXBuildFile; fileRef = 9B0CFB9F1DFB54A100EA86B1 /* AutoCompleteTextFieldViewController.swift */; };
		9B0CFBAB1DFB54A100EA86B1 /* InitViewController.swift in Sources */ = {isa = PBXBuildFile; fileRef = 9B0CFBA01DFB54A100EA86B1 /* InitViewController.swift */; };
		9B0CFBAC1DFB54A100EA86B1 /* MenuViewController.swift in Sources */ = {isa = PBXBuildFile; fileRef = 9B0CFBA11DFB54A100EA86B1 /* MenuViewController.swift */; };
		9B0CFBAD1DFB54A100EA86B1 /* PGDetailViewController.swift in Sources */ = {isa = PBXBuildFile; fileRef = 9B0CFBA21DFB54A100EA86B1 /* PGDetailViewController.swift */; };
		9B0CFBAE1DFB54A100EA86B1 /* PGDisclaimerViewController.swift in Sources */ = {isa = PBXBuildFile; fileRef = 9B0CFBA31DFB54A100EA86B1 /* PGDisclaimerViewController.swift */; };
		9B0CFBAF1DFB54A100EA86B1 /* PGDrugListViewController.swift in Sources */ = {isa = PBXBuildFile; fileRef = 9B0CFBA41DFB54A100EA86B1 /* PGDrugListViewController.swift */; };
		9B0CFBB01DFB54A100EA86B1 /* PGLoginViewController.swift in Sources */ = {isa = PBXBuildFile; fileRef = 9B0CFBA51DFB54A100EA86B1 /* PGLoginViewController.swift */; };
		9B0CFBB11DFB54A100EA86B1 /* PGMasterViewController.swift in Sources */ = {isa = PBXBuildFile; fileRef = 9B0CFBA61DFB54A100EA86B1 /* PGMasterViewController.swift */; };
		9B0CFBB21DFB54A100EA86B1 /* PGViewController.swift in Sources */ = {isa = PBXBuildFile; fileRef = 9B0CFBA71DFB54A100EA86B1 /* PGViewController.swift */; };
		9B0CFBB31DFB54A200EA86B1 /* PGWebViewController.swift in Sources */ = {isa = PBXBuildFile; fileRef = 9B0CFBA81DFB54A100EA86B1 /* PGWebViewController.swift */; };
		9B0CFBB61DFB558E00EA86B1 /* PGCheckList.swift in Sources */ = {isa = PBXBuildFile; fileRef = 9B0CFBB41DFB558E00EA86B1 /* PGCheckList.swift */; };
		9B0CFBB71DFB558E00EA86B1 /* PGDataManager.swift in Sources */ = {isa = PBXBuildFile; fileRef = 9B0CFBB51DFB558E00EA86B1 /* PGDataManager.swift */; };
		9B0CFBD71DFB58DE00EA86B1 /* MBProgressHUD.m in Sources */ = {isa = PBXBuildFile; fileRef = 9B0CFBBA1DFB58DE00EA86B1 /* MBProgressHUD.m */; };
		9B0CFBD81DFB58DE00EA86B1 /* NSData+Base64.m in Sources */ = {isa = PBXBuildFile; fileRef = 9B0CFBBD1DFB58DE00EA86B1 /* NSData+Base64.m */; };
		9B0CFBD91DFB58DE00EA86B1 /* StringEncryption.m in Sources */ = {isa = PBXBuildFile; fileRef = 9B0CFBBF1DFB58DE00EA86B1 /* StringEncryption.m */; };
		9B0CFBDA1DFB58DE00EA86B1 /* ECPercentDrivenInteractiveTransition.m in Sources */ = {isa = PBXBuildFile; fileRef = 9B0CFBC21DFB58DE00EA86B1 /* ECPercentDrivenInteractiveTransition.m */; };
		9B0CFBDB1DFB58DE00EA86B1 /* ECSlidingAnimationController.m in Sources */ = {isa = PBXBuildFile; fileRef = 9B0CFBC41DFB58DE00EA86B1 /* ECSlidingAnimationController.m */; };
		9B0CFBDC1DFB58DE00EA86B1 /* ECSlidingInteractiveTransition.m in Sources */ = {isa = PBXBuildFile; fileRef = 9B0CFBC71DFB58DE00EA86B1 /* ECSlidingInteractiveTransition.m */; };
		9B0CFBDD1DFB58DE00EA86B1 /* ECSlidingSegue.m in Sources */ = {isa = PBXBuildFile; fileRef = 9B0CFBC91DFB58DE00EA86B1 /* ECSlidingSegue.m */; };
		9B0CFBDE1DFB58DE00EA86B1 /* ECSlidingViewController.m in Sources */ = {isa = PBXBuildFile; fileRef = 9B0CFBCB1DFB58DE00EA86B1 /* ECSlidingViewController.m */; };
		9B0CFBDF1DFB58DE00EA86B1 /* UIViewController+ECSlidingViewController.m in Sources */ = {isa = PBXBuildFile; fileRef = 9B0CFBCD1DFB58DE00EA86B1 /* UIViewController+ECSlidingViewController.m */; };
		9B0CFBE01DFB58DF00EA86B1 /* MEDynamicTransition.m in Sources */ = {isa = PBXBuildFile; fileRef = 9B0CFBD01DFB58DE00EA86B1 /* MEDynamicTransition.m */; };
		9B0CFBE11DFB58DF00EA86B1 /* MEFoldAnimationController.m in Sources */ = {isa = PBXBuildFile; fileRef = 9B0CFBD21DFB58DE00EA86B1 /* MEFoldAnimationController.m */; };
		9B0CFBE21DFB58DF00EA86B1 /* METransitions.m in Sources */ = {isa = PBXBuildFile; fileRef = 9B0CFBD41DFB58DE00EA86B1 /* METransitions.m */; };
		9B0CFBE31DFB58DF00EA86B1 /* MEZoomAnimationController.m in Sources */ = {isa = PBXBuildFile; fileRef = 9B0CFBD61DFB58DE00EA86B1 /* MEZoomAnimationController.m */; };
		9B0CFBE71DFB590B00EA86B1 /* KeychainItemWrapper.m in Sources */ = {isa = PBXBuildFile; fileRef = 9B0CFBE61DFB590B00EA86B1 /* KeychainItemWrapper.m */; };
		9B95A04D1DDF87FF00FBC66F /* PGAppDelegate.swift in Sources */ = {isa = PBXBuildFile; fileRef = 9B95A04C1DDF87FF00FBC66F /* PGAppDelegate.swift */; };
		9B95A0541DDF8B4800FBC66F /* UIColor+Additions.swift in Sources */ = {isa = PBXBuildFile; fileRef = 9B95A0531DDF8B4800FBC66F /* UIColor+Additions.swift */; };
		9B95A0561DDF8B5000FBC66F /* NEIColorDefinition.swift in Sources */ = {isa = PBXBuildFile; fileRef = 9B95A0551DDF8B5000FBC66F /* NEIColorDefinition.swift */; };
		9B95A0581DDF963200FBC66F /* NEIConstantString.swift in Sources */ = {isa = PBXBuildFile; fileRef = 9B95A0571DDF963200FBC66F /* NEIConstantString.swift */; };
		9B95A05A1DDF963A00FBC66F /* NEIUserDefaults.swift in Sources */ = {isa = PBXBuildFile; fileRef = 9B95A0591DDF963A00FBC66F /* NEIUserDefaults.swift */; };
		9B95A05C1DDF964000FBC66F /* NEIAlertMessage.swift in Sources */ = {isa = PBXBuildFile; fileRef = 9B95A05B1DDF964000FBC66F /* NEIAlertMessage.swift */; };
/* End PBXBuildFile section */

/* Begin PBXContainerItemProxy section */
		9A629132182C643C007B924C /* PBXContainerItemProxy */ = {
			isa = PBXContainerItemProxy;
			containerPortal = 9A6290FE182C643C007B924C /* Project object */;
			proxyType = 1;
			remoteGlobalIDString = 9A629105182C643C007B924C;
			remoteInfo = NEIPG;
		};
/* End PBXContainerItemProxy section */

/* Begin PBXFileReference section */
		9A003A941DAD531D00D2A7B6 /* amphetamine-d.png */ = {isa = PBXFileReference; lastKnownFileType = image.png; path = "amphetamine-d.png"; sourceTree = "<group>"; };
		9A003A951DAD531D00D2A7B6 /* amphetamine-dl.png */ = {isa = PBXFileReference; lastKnownFileType = image.png; path = "amphetamine-dl.png"; sourceTree = "<group>"; };
		9A003A971DAD531D00D2A7B6 /* aripiprazolelai1_6e.png */ = {isa = PBXFileReference; lastKnownFileType = image.png; path = aripiprazolelai1_6e.png; sourceTree = "<group>"; };
		9A003A981DAD531D00D2A7B6 /* aripiprazollai2_6e.png */ = {isa = PBXFileReference; lastKnownFileType = image.png; path = aripiprazollai2_6e.png; sourceTree = "<group>"; };
		9A003A9A1DAD531D00D2A7B6 /* fluphenazine-lai.png */ = {isa = PBXFileReference; lastKnownFileType = image.png; path = "fluphenazine-lai.png"; sourceTree = "<group>"; };
		9A003A9B1DAD531D00D2A7B6 /* haloperidol-lai.png */ = {isa = PBXFileReference; lastKnownFileType = image.png; path = "haloperidol-lai.png"; sourceTree = "<group>"; };
		9A003A9C1DAD531D00D2A7B6 /* methylphenidate-d.png */ = {isa = PBXFileReference; lastKnownFileType = image.png; path = "methylphenidate-d.png"; sourceTree = "<group>"; };
		9A003A9D1DAD531D00D2A7B6 /* methylphenidate-dl.png */ = {isa = PBXFileReference; lastKnownFileType = image.png; path = "methylphenidate-dl.png"; sourceTree = "<group>"; };
		9A003A9E1DAD531D00D2A7B6 /* olanzapinelai.png */ = {isa = PBXFileReference; lastKnownFileType = image.png; path = olanzapinelai.png; sourceTree = "<group>"; };
		9A003A9F1DAD531D00D2A7B6 /* risperidonelai.png */ = {isa = PBXFileReference; lastKnownFileType = image.png; path = risperidonelai.png; sourceTree = "<group>"; };
		9A1106DC1DAD87A6007B4C8D /* aripiprazole_lai.png */ = {isa = PBXFileReference; lastKnownFileType = image.png; path = aripiprazole_lai.png; sourceTree = "<group>"; };
		9A1106DE1DAD87B3007B4C8D /* clozapine_anc_ben.png */ = {isa = PBXFileReference; lastKnownFileType = image.png; path = clozapine_anc_ben.png; sourceTree = "<group>"; };
		9A1106E01DAD87BC007B4C8D /* clozapine_anc_general.png */ = {isa = PBXFileReference; lastKnownFileType = image.png; path = clozapine_anc_general.png; sourceTree = "<group>"; };
		9A1106E21DADADCF007B4C8D /* NEIPG.sqlite */ = {isa = PBXFileReference; lastKnownFileType = file; path = NEIPG.sqlite; sourceTree = "<group>"; };
		9A1F3B7B18EE182C00D825EE /* disclaimer.htm */ = {isa = PBXFileReference; fileEncoding = 4; lastKnownFileType = text.html; path = disclaimer.htm; sourceTree = "<group>"; };
		9A629106182C643C007B924C /* NEIPG.app */ = {isa = PBXFileReference; explicitFileType = wrapper.application; includeInIndex = 0; path = NEIPG.app; sourceTree = BUILT_PRODUCTS_DIR; };
		9A629109182C643C007B924C /* Foundation.framework */ = {isa = PBXFileReference; lastKnownFileType = wrapper.framework; name = Foundation.framework; path = System/Library/Frameworks/Foundation.framework; sourceTree = SDKROOT; };
		9A62910B182C643C007B924C /* CoreGraphics.framework */ = {isa = PBXFileReference; lastKnownFileType = wrapper.framework; name = CoreGraphics.framework; path = System/Library/Frameworks/CoreGraphics.framework; sourceTree = SDKROOT; };
		9A62910D182C643C007B924C /* UIKit.framework */ = {isa = PBXFileReference; lastKnownFileType = wrapper.framework; name = UIKit.framework; path = System/Library/Frameworks/UIKit.framework; sourceTree = SDKROOT; };
		9A629111182C643C007B924C /* NEIPG-Info.plist */ = {isa = PBXFileReference; lastKnownFileType = text.plist.xml; path = "NEIPG-Info.plist"; sourceTree = "<group>"; };
		9A629113182C643C007B924C /* en */ = {isa = PBXFileReference; lastKnownFileType = text.plist.strings; name = en; path = en.lproj/InfoPlist.strings; sourceTree = "<group>"; };
		9A629117182C643C007B924C /* NEIPG-Prefix.pch */ = {isa = PBXFileReference; lastKnownFileType = sourcecode.c.h; path = "NEIPG-Prefix.pch"; sourceTree = "<group>"; };
		9A62911C182C643C007B924C /* Base */ = {isa = PBXFileReference; lastKnownFileType = file.storyboard; name = Base; path = Base.lproj/Main_iPhone.storyboard; sourceTree = "<group>"; };
		9A62911F182C643C007B924C /* Base */ = {isa = PBXFileReference; lastKnownFileType = file.storyboard; name = Base; path = Base.lproj/Main_iPad.storyboard; sourceTree = "<group>"; };
		9A629127182C643C007B924C /* Images.xcassets */ = {isa = PBXFileReference; lastKnownFileType = folder.assetcatalog; path = Images.xcassets; sourceTree = "<group>"; };
		9A62912D182C643C007B924C /* NEIPGTests.xctest */ = {isa = PBXFileReference; explicitFileType = wrapper.cfbundle; includeInIndex = 0; path = NEIPGTests.xctest; sourceTree = BUILT_PRODUCTS_DIR; };
		9A62912E182C643C007B924C /* XCTest.framework */ = {isa = PBXFileReference; lastKnownFileType = wrapper.framework; name = XCTest.framework; path = Library/Frameworks/XCTest.framework; sourceTree = DEVELOPER_DIR; };
		9A629136182C643C007B924C /* NEIPGTests-Info.plist */ = {isa = PBXFileReference; lastKnownFileType = text.plist.xml; path = "NEIPGTests-Info.plist"; sourceTree = "<group>"; };
		9A629138182C643C007B924C /* en */ = {isa = PBXFileReference; lastKnownFileType = text.plist.strings; name = en; path = en.lproj/InfoPlist.strings; sourceTree = "<group>"; };
		9A62913A182C643C007B924C /* NEIPGTests.m */ = {isa = PBXFileReference; lastKnownFileType = sourcecode.c.objc; path = NEIPGTests.m; sourceTree = "<group>"; };
		9A7292C71BD19D5D002AE940 /* amisulpride_01.png */ = {isa = PBXFileReference; lastKnownFileType = image.png; path = amisulpride_01.png; sourceTree = "<group>"; };
		9A7292C81BD19D5D002AE940 /* aripiprazole_01.png */ = {isa = PBXFileReference; lastKnownFileType = image.png; path = aripiprazole_01.png; sourceTree = "<group>"; };
		9A7292C91BD19D5D002AE940 /* asenapine_01.png */ = {isa = PBXFileReference; lastKnownFileType = image.png; path = asenapine_01.png; sourceTree = "<group>"; };
		9A7292CA1BD19D5D002AE940 /* brexpiprazole_01.png */ = {isa = PBXFileReference; lastKnownFileType = image.png; path = brexpiprazole_01.png; sourceTree = "<group>"; };
		9A7292CB1BD19D5D002AE940 /* buprenorphine_table.png */ = {isa = PBXFileReference; lastKnownFileType = image.png; path = buprenorphine_table.png; sourceTree = "<group>"; };
		9A7292CC1BD19D5D002AE940 /* cariprazine_01.png */ = {isa = PBXFileReference; lastKnownFileType = image.png; path = cariprazine_01.png; sourceTree = "<group>"; };
		9A7292CD1BD19D5D002AE940 /* clozapine_01.png */ = {isa = PBXFileReference; lastKnownFileType = image.png; path = clozapine_01.png; sourceTree = "<group>"; };
		9A7292CE1BD19D5D002AE940 /* from_maoi.png */ = {isa = PBXFileReference; lastKnownFileType = image.png; path = from_maoi.png; sourceTree = "<group>"; };
		9A7292CF1BD19D5D002AE940 /* gabapentin.png */ = {isa = PBXFileReference; lastKnownFileType = image.png; path = gabapentin.png; sourceTree = "<group>"; };
		9A7292D01BD19D5D002AE940 /* iloperidone_01.png */ = {isa = PBXFileReference; lastKnownFileType = image.png; path = iloperidone_01.png; sourceTree = "<group>"; };
		9A7292D11BD19D5D002AE940 /* lurasidone_01.png */ = {isa = PBXFileReference; lastKnownFileType = image.png; path = lurasidone_01.png; sourceTree = "<group>"; };
		9A7292D21BD19D5D002AE940 /* maoi_tables.png */ = {isa = PBXFileReference; lastKnownFileType = image.png; path = maoi_tables.png; sourceTree = "<group>"; };
		9A7292D31BD19D5D002AE940 /* olanzapine_01.png */ = {isa = PBXFileReference; lastKnownFileType = image.png; path = olanzapine_01.png; sourceTree = "<group>"; };
		9A7292D41BD19D5D002AE940 /* olanzapine_lai_01.png */ = {isa = PBXFileReference; lastKnownFileType = image.png; path = olanzapine_lai_01.png; sourceTree = "<group>"; };
		9A7292D51BD19D5D002AE940 /* palipalm_01.png */ = {isa = PBXFileReference; lastKnownFileType = image.png; path = palipalm_01.png; sourceTree = "<group>"; };
		9A7292D61BD19D5D002AE940 /* paliperidoneer_01.png */ = {isa = PBXFileReference; lastKnownFileType = image.png; path = paliperidoneer_01.png; sourceTree = "<group>"; };
		9A7292D71BD19D5D002AE940 /* quetiapine_01.png */ = {isa = PBXFileReference; lastKnownFileType = image.png; path = quetiapine_01.png; sourceTree = "<group>"; };
		9A7292D81BD19D5D002AE940 /* risp_lai_01.png */ = {isa = PBXFileReference; lastKnownFileType = image.png; path = risp_lai_01.png; sourceTree = "<group>"; };
		9A7292D91BD19D5D002AE940 /* risperidone_01.png */ = {isa = PBXFileReference; lastKnownFileType = image.png; path = risperidone_01.png; sourceTree = "<group>"; };
		9A7292DA1BD19D5D002AE940 /* schiz_tr.png */ = {isa = PBXFileReference; lastKnownFileType = image.png; path = schiz_tr.png; sourceTree = "<group>"; };
		9A7292DB1BD19D5D002AE940 /* to_maoi.png */ = {isa = PBXFileReference; lastKnownFileType = image.png; path = to_maoi.png; sourceTree = "<group>"; };
		9A7292DC1BD19D5D002AE940 /* ziprasidone_01.png */ = {isa = PBXFileReference; lastKnownFileType = image.png; path = ziprasidone_01.png; sourceTree = "<group>"; };
		9A7E6E0D1857ED7E00EDC2C1 /* next-cal.gif */ = {isa = PBXFileReference; lastKnownFileType = image.gif; path = "next-cal.gif"; sourceTree = "<group>"; };
		9A9D218518510326007FFBE6 /* NEIPG.xcdatamodel */ = {isa = PBXFileReference; lastKnownFileType = wrapper.xcdatamodel; path = NEIPG.xcdatamodel; sourceTree = "<group>"; };
		9A9F222618E4D795001C42AB /* nei_logo.png */ = {isa = PBXFileReference; lastKnownFileType = image.png; path = nei_logo.png; sourceTree = "<group>"; };
		9A9F95EE18EC709000ECA3E7 /* callout1.png */ = {isa = PBXFileReference; lastKnownFileType = image.png; path = callout1.png; sourceTree = "<group>"; };
		9A9F95F618ECC3D100ECA3E7 /* star1.png */ = {isa = PBXFileReference; lastKnownFileType = image.png; path = star1.png; sourceTree = "<group>"; };
		9A9FB6D2193637AC006B1538 /* pl_az_bel.gif */ = {isa = PBXFileReference; lastKnownFileType = image.gif; path = pl_az_bel.gif; sourceTree = "<group>"; };
		9A9FB6D3193637AC006B1538 /* pl_sunpharma_india.gif */ = {isa = PBXFileReference; lastKnownFileType = image.gif; path = pl_sunpharma_india.gif; sourceTree = "<group>"; };
		9A9FB6D4193637AC006B1538 /* pl_torrent_india.gif */ = {isa = PBXFileReference; lastKnownFileType = image.gif; path = pl_torrent_india.gif; sourceTree = "<group>"; };
		9A9FB6D5193637AC006B1538 /* pl_wyeth_aus.gif */ = {isa = PBXFileReference; lastKnownFileType = image.gif; path = pl_wyeth_aus.gif; sourceTree = "<group>"; };
		9A9FB6D6193637AC006B1538 /* pl_wyeth_dubai.gif */ = {isa = PBXFileReference; lastKnownFileType = image.gif; path = pl_wyeth_dubai.gif; sourceTree = "<group>"; };
		9AA0810618E9E3BF00786670 /* menu.png */ = {isa = PBXFileReference; lastKnownFileType = image.png; path = menu.png; sourceTree = "<group>"; };
		9AA0810818EA16EF00786670 /* styles.css */ = {isa = PBXFileReference; fileEncoding = 4; lastKnownFileType = text.css; path = styles.css; sourceTree = "<group>"; };
		9AA0C9A918627B9900457201 /* libsqlite3.0.dylib */ = {isa = PBXFileReference; lastKnownFileType = "compiled.mach-o.dylib"; name = libsqlite3.0.dylib; path = usr/lib/libsqlite3.0.dylib; sourceTree = SDKROOT; };
		9AA4D72718EB351500969A11 /* artofpsychopharmacology.png */ = {isa = PBXFileReference; lastKnownFileType = image.png; path = artofpsychopharmacology.png; sourceTree = "<group>"; };
		9AA4D72818EB351500969A11 /* commonlyprescribedfor.png */ = {isa = PBXFileReference; lastKnownFileType = image.png; path = commonlyprescribedfor.png; sourceTree = "<group>"; };
		9AA4D72918EB351500969A11 /* contraindications.png */ = {isa = PBXFileReference; lastKnownFileType = image.png; path = contraindications.png; sourceTree = "<group>"; };
		9AA4D72A18EB351500969A11 /* dosinganduse.png */ = {isa = PBXFileReference; lastKnownFileType = image.png; path = dosinganduse.png; sourceTree = "<group>"; };
		9AA4D72B18EB351500969A11 /* interactions.png */ = {isa = PBXFileReference; lastKnownFileType = image.png; path = interactions.png; sourceTree = "<group>"; };
		9AA4D72C18EB351500969A11 /* moa.png */ = {isa = PBXFileReference; lastKnownFileType = image.png; path = moa.png; sourceTree = "<group>"; };
		9AA4D72D18EB351500969A11 /* resources.png */ = {isa = PBXFileReference; lastKnownFileType = image.png; path = resources.png; sourceTree = "<group>"; };
		9AA4D72E18EB351500969A11 /* sideeffects.png */ = {isa = PBXFileReference; lastKnownFileType = image.png; path = sideeffects.png; sourceTree = "<group>"; };
		9AA4D72F18EB351500969A11 /* specialpopulations.png */ = {isa = PBXFileReference; lastKnownFileType = image.png; path = specialpopulations.png; sourceTree = "<group>"; };
		9AA4D73018EB351500969A11 /* therapeuticresponse.png */ = {isa = PBXFileReference; lastKnownFileType = image.png; path = therapeuticresponse.png; sourceTree = "<group>"; };
		9AA4D73118EB351500969A11 /* warningsprecautions.png */ = {isa = PBXFileReference; lastKnownFileType = image.png; path = warningsprecautions.png; sourceTree = "<group>"; };
		9AA4D76118EB4B2800969A11 /* bullet_red_asterisk.png */ = {isa = PBXFileReference; lastKnownFileType = image.png; path = bullet_red_asterisk.png; sourceTree = "<group>"; };
		9ABE58FB18B67A47007ECB2C /* Security.framework */ = {isa = PBXFileReference; lastKnownFileType = wrapper.framework; name = Security.framework; path = System/Library/Frameworks/Security.framework; sourceTree = SDKROOT; };
		9AC4B87318A998680017F86E /* close.png */ = {isa = PBXFileReference; lastKnownFileType = image.png; path = close.png; sourceTree = "<group>"; };
		9ADD2B3C1912C63400051B24 /* bullet1.png */ = {isa = PBXFileReference; lastKnownFileType = image.png; path = bullet1.png; sourceTree = "<group>"; };
		9ADD2B401912CB6E00051B24 /* pk.png */ = {isa = PBXFileReference; lastKnownFileType = image.png; path = pk.png; sourceTree = "<group>"; };
		9ADD2B411912CB6E00051B24 /* comorbid.png */ = {isa = PBXFileReference; lastKnownFileType = image.png; path = comorbid.png; sourceTree = "<group>"; };
		9B0CFB9E1DFB54A100EA86B1 /* AutoCompleteIndicationViewController.swift */ = {isa = PBXFileReference; fileEncoding = 4; lastKnownFileType = sourcecode.swift; path = AutoCompleteIndicationViewController.swift; sourceTree = "<group>"; };
		9B0CFB9F1DFB54A100EA86B1 /* AutoCompleteTextFieldViewController.swift */ = {isa = PBXFileReference; fileEncoding = 4; lastKnownFileType = sourcecode.swift; path = AutoCompleteTextFieldViewController.swift; sourceTree = "<group>"; };
		9B0CFBA01DFB54A100EA86B1 /* InitViewController.swift */ = {isa = PBXFileReference; fileEncoding = 4; lastKnownFileType = sourcecode.swift; path = InitViewController.swift; sourceTree = "<group>"; };
		9B0CFBA11DFB54A100EA86B1 /* MenuViewController.swift */ = {isa = PBXFileReference; fileEncoding = 4; lastKnownFileType = sourcecode.swift; path = MenuViewController.swift; sourceTree = "<group>"; };
		9B0CFBA21DFB54A100EA86B1 /* PGDetailViewController.swift */ = {isa = PBXFileReference; fileEncoding = 4; lastKnownFileType = sourcecode.swift; path = PGDetailViewController.swift; sourceTree = "<group>"; };
		9B0CFBA31DFB54A100EA86B1 /* PGDisclaimerViewController.swift */ = {isa = PBXFileReference; fileEncoding = 4; lastKnownFileType = sourcecode.swift; path = PGDisclaimerViewController.swift; sourceTree = "<group>"; };
		9B0CFBA41DFB54A100EA86B1 /* PGDrugListViewController.swift */ = {isa = PBXFileReference; fileEncoding = 4; lastKnownFileType = sourcecode.swift; path = PGDrugListViewController.swift; sourceTree = "<group>"; };
		9B0CFBA51DFB54A100EA86B1 /* PGLoginViewController.swift */ = {isa = PBXFileReference; fileEncoding = 4; lastKnownFileType = sourcecode.swift; path = PGLoginViewController.swift; sourceTree = "<group>"; };
		9B0CFBA61DFB54A100EA86B1 /* PGMasterViewController.swift */ = {isa = PBXFileReference; fileEncoding = 4; lastKnownFileType = sourcecode.swift; path = PGMasterViewController.swift; sourceTree = "<group>"; };
		9B0CFBA71DFB54A100EA86B1 /* PGViewController.swift */ = {isa = PBXFileReference; fileEncoding = 4; lastKnownFileType = sourcecode.swift; path = PGViewController.swift; sourceTree = "<group>"; };
		9B0CFBA81DFB54A100EA86B1 /* PGWebViewController.swift */ = {isa = PBXFileReference; fileEncoding = 4; lastKnownFileType = sourcecode.swift; path = PGWebViewController.swift; sourceTree = "<group>"; };
		9B0CFBB41DFB558E00EA86B1 /* PGCheckList.swift */ = {isa = PBXFileReference; fileEncoding = 4; lastKnownFileType = sourcecode.swift; path = PGCheckList.swift; sourceTree = "<group>"; };
		9B0CFBB51DFB558E00EA86B1 /* PGDataManager.swift */ = {isa = PBXFileReference; fileEncoding = 4; lastKnownFileType = sourcecode.swift; path = PGDataManager.swift; sourceTree = "<group>"; };
		9B0CFBB91DFB58DE00EA86B1 /* MBProgressHUD.h */ = {isa = PBXFileReference; fileEncoding = 4; lastKnownFileType = sourcecode.c.h; path = MBProgressHUD.h; sourceTree = "<group>"; };
		9B0CFBBA1DFB58DE00EA86B1 /* MBProgressHUD.m */ = {isa = PBXFileReference; fileEncoding = 4; lastKnownFileType = sourcecode.c.objc; path = MBProgressHUD.m; sourceTree = "<group>"; };
		9B0CFBBC1DFB58DE00EA86B1 /* NSData+Base64.h */ = {isa = PBXFileReference; fileEncoding = 4; lastKnownFileType = sourcecode.c.h; path = "NSData+Base64.h"; sourceTree = "<group>"; };
		9B0CFBBD1DFB58DE00EA86B1 /* NSData+Base64.m */ = {isa = PBXFileReference; fileEncoding = 4; lastKnownFileType = sourcecode.c.objc; path = "NSData+Base64.m"; sourceTree = "<group>"; };
		9B0CFBBE1DFB58DE00EA86B1 /* StringEncryption.h */ = {isa = PBXFileReference; fileEncoding = 4; lastKnownFileType = sourcecode.c.h; path = StringEncryption.h; sourceTree = "<group>"; };
		9B0CFBBF1DFB58DE00EA86B1 /* StringEncryption.m */ = {isa = PBXFileReference; fileEncoding = 4; lastKnownFileType = sourcecode.c.objc; path = StringEncryption.m; sourceTree = "<group>"; };
		9B0CFBC11DFB58DE00EA86B1 /* ECPercentDrivenInteractiveTransition.h */ = {isa = PBXFileReference; fileEncoding = 4; lastKnownFileType = sourcecode.c.h; path = ECPercentDrivenInteractiveTransition.h; sourceTree = "<group>"; };
		9B0CFBC21DFB58DE00EA86B1 /* ECPercentDrivenInteractiveTransition.m */ = {isa = PBXFileReference; fileEncoding = 4; lastKnownFileType = sourcecode.c.objc; path = ECPercentDrivenInteractiveTransition.m; sourceTree = "<group>"; };
		9B0CFBC31DFB58DE00EA86B1 /* ECSlidingAnimationController.h */ = {isa = PBXFileReference; fileEncoding = 4; lastKnownFileType = sourcecode.c.h; path = ECSlidingAnimationController.h; sourceTree = "<group>"; };
		9B0CFBC41DFB58DE00EA86B1 /* ECSlidingAnimationController.m */ = {isa = PBXFileReference; fileEncoding = 4; lastKnownFileType = sourcecode.c.objc; path = ECSlidingAnimationController.m; sourceTree = "<group>"; };
		9B0CFBC51DFB58DE00EA86B1 /* ECSlidingConstants.h */ = {isa = PBXFileReference; fileEncoding = 4; lastKnownFileType = sourcecode.c.h; path = ECSlidingConstants.h; sourceTree = "<group>"; };
		9B0CFBC61DFB58DE00EA86B1 /* ECSlidingInteractiveTransition.h */ = {isa = PBXFileReference; fileEncoding = 4; lastKnownFileType = sourcecode.c.h; path = ECSlidingInteractiveTransition.h; sourceTree = "<group>"; };
		9B0CFBC71DFB58DE00EA86B1 /* ECSlidingInteractiveTransition.m */ = {isa = PBXFileReference; fileEncoding = 4; lastKnownFileType = sourcecode.c.objc; path = ECSlidingInteractiveTransition.m; sourceTree = "<group>"; };
		9B0CFBC81DFB58DE00EA86B1 /* ECSlidingSegue.h */ = {isa = PBXFileReference; fileEncoding = 4; lastKnownFileType = sourcecode.c.h; path = ECSlidingSegue.h; sourceTree = "<group>"; };
		9B0CFBC91DFB58DE00EA86B1 /* ECSlidingSegue.m */ = {isa = PBXFileReference; fileEncoding = 4; lastKnownFileType = sourcecode.c.objc; path = ECSlidingSegue.m; sourceTree = "<group>"; };
		9B0CFBCA1DFB58DE00EA86B1 /* ECSlidingViewController.h */ = {isa = PBXFileReference; fileEncoding = 4; lastKnownFileType = sourcecode.c.h; path = ECSlidingViewController.h; sourceTree = "<group>"; };
		9B0CFBCB1DFB58DE00EA86B1 /* ECSlidingViewController.m */ = {isa = PBXFileReference; fileEncoding = 4; lastKnownFileType = sourcecode.c.objc; path = ECSlidingViewController.m; sourceTree = "<group>"; };
		9B0CFBCC1DFB58DE00EA86B1 /* UIViewController+ECSlidingViewController.h */ = {isa = PBXFileReference; fileEncoding = 4; lastKnownFileType = sourcecode.c.h; path = "UIViewController+ECSlidingViewController.h"; sourceTree = "<group>"; };
		9B0CFBCD1DFB58DE00EA86B1 /* UIViewController+ECSlidingViewController.m */ = {isa = PBXFileReference; fileEncoding = 4; lastKnownFileType = sourcecode.c.objc; path = "UIViewController+ECSlidingViewController.m"; sourceTree = "<group>"; };
		9B0CFBCF1DFB58DE00EA86B1 /* MEDynamicTransition.h */ = {isa = PBXFileReference; fileEncoding = 4; lastKnownFileType = sourcecode.c.h; path = MEDynamicTransition.h; sourceTree = "<group>"; };
		9B0CFBD01DFB58DE00EA86B1 /* MEDynamicTransition.m */ = {isa = PBXFileReference; fileEncoding = 4; lastKnownFileType = sourcecode.c.objc; path = MEDynamicTransition.m; sourceTree = "<group>"; };
		9B0CFBD11DFB58DE00EA86B1 /* MEFoldAnimationController.h */ = {isa = PBXFileReference; fileEncoding = 4; lastKnownFileType = sourcecode.c.h; path = MEFoldAnimationController.h; sourceTree = "<group>"; };
		9B0CFBD21DFB58DE00EA86B1 /* MEFoldAnimationController.m */ = {isa = PBXFileReference; fileEncoding = 4; lastKnownFileType = sourcecode.c.objc; path = MEFoldAnimationController.m; sourceTree = "<group>"; };
		9B0CFBD31DFB58DE00EA86B1 /* METransitions.h */ = {isa = PBXFileReference; fileEncoding = 4; lastKnownFileType = sourcecode.c.h; path = METransitions.h; sourceTree = "<group>"; };
		9B0CFBD41DFB58DE00EA86B1 /* METransitions.m */ = {isa = PBXFileReference; fileEncoding = 4; lastKnownFileType = sourcecode.c.objc; path = METransitions.m; sourceTree = "<group>"; };
		9B0CFBD51DFB58DE00EA86B1 /* MEZoomAnimationController.h */ = {isa = PBXFileReference; fileEncoding = 4; lastKnownFileType = sourcecode.c.h; path = MEZoomAnimationController.h; sourceTree = "<group>"; };
		9B0CFBD61DFB58DE00EA86B1 /* MEZoomAnimationController.m */ = {isa = PBXFileReference; fileEncoding = 4; lastKnownFileType = sourcecode.c.objc; path = MEZoomAnimationController.m; sourceTree = "<group>"; };
		9B0CFBE51DFB590B00EA86B1 /* KeychainItemWrapper.h */ = {isa = PBXFileReference; fileEncoding = 4; lastKnownFileType = sourcecode.c.h; path = KeychainItemWrapper.h; sourceTree = "<group>"; };
		9B0CFBE61DFB590B00EA86B1 /* KeychainItemWrapper.m */ = {isa = PBXFileReference; fileEncoding = 4; lastKnownFileType = sourcecode.c.objc; path = KeychainItemWrapper.m; sourceTree = "<group>"; };
		9B95A04C1DDF87FF00FBC66F /* PGAppDelegate.swift */ = {isa = PBXFileReference; fileEncoding = 4; lastKnownFileType = sourcecode.swift; name = PGAppDelegate.swift; path = ../NEIPG/PGAppDelegate.swift; sourceTree = "<group>"; };
		9B95A0531DDF8B4800FBC66F /* UIColor+Additions.swift */ = {isa = PBXFileReference; fileEncoding = 4; lastKnownFileType = sourcecode.swift; path = "UIColor+Additions.swift"; sourceTree = "<group>"; };
		9B95A0551DDF8B5000FBC66F /* NEIColorDefinition.swift */ = {isa = PBXFileReference; fileEncoding = 4; lastKnownFileType = sourcecode.swift; path = NEIColorDefinition.swift; sourceTree = "<group>"; };
		9B95A0571DDF963200FBC66F /* NEIConstantString.swift */ = {isa = PBXFileReference; fileEncoding = 4; lastKnownFileType = sourcecode.swift; path = NEIConstantString.swift; sourceTree = "<group>"; };
		9B95A0591DDF963A00FBC66F /* NEIUserDefaults.swift */ = {isa = PBXFileReference; fileEncoding = 4; lastKnownFileType = sourcecode.swift; path = NEIUserDefaults.swift; sourceTree = "<group>"; };
		9B95A05B1DDF964000FBC66F /* NEIAlertMessage.swift */ = {isa = PBXFileReference; fileEncoding = 4; lastKnownFileType = sourcecode.swift; path = NEIAlertMessage.swift; sourceTree = "<group>"; };
		9BF91C031DFF17E100481016 /* NEIPG-Bridging-Header.h */ = {isa = PBXFileReference; fileEncoding = 4; lastKnownFileType = sourcecode.c.h; path = "NEIPG-Bridging-Header.h"; sourceTree = "<group>"; };
/* End PBXFileReference section */

/* Begin PBXFrameworksBuildPhase section */
		9A629103182C643C007B924C /* Frameworks */ = {
			isa = PBXFrameworksBuildPhase;
			buildActionMask = 2147483647;
			files = (
				9ABE58FC18B67A47007ECB2C /* Security.framework in Frameworks */,
				9A62910C182C643C007B924C /* CoreGraphics.framework in Frameworks */,
				9A62910E182C643C007B924C /* UIKit.framework in Frameworks */,
				9AA0C9AA18627B9900457201 /* libsqlite3.0.dylib in Frameworks */,
				9A62910A182C643C007B924C /* Foundation.framework in Frameworks */,
			);
			runOnlyForDeploymentPostprocessing = 0;
		};
		9A62912A182C643C007B924C /* Frameworks */ = {
			isa = PBXFrameworksBuildPhase;
			buildActionMask = 2147483647;
			files = (
				9A62912F182C643C007B924C /* XCTest.framework in Frameworks */,
				9A629131182C643C007B924C /* UIKit.framework in Frameworks */,
				9A629130182C643C007B924C /* Foundation.framework in Frameworks */,
			);
			runOnlyForDeploymentPostprocessing = 0;
		};
/* End PBXFrameworksBuildPhase section */

/* Begin PBXGroup section */
		9A6290FD182C643C007B924C = {
			isa = PBXGroup;
			children = (
				9B95A0501DDF8B2F00FBC66F /* Swift Conversion */,
				9A62910F182C643C007B924C /* NEIPG */,
				9A629134182C643C007B924C /* NEIPGTests */,
				9A629108182C643C007B924C /* Frameworks */,
				9A629107182C643C007B924C /* Products */,
			);
			sourceTree = "<group>";
		};
		9A629107182C643C007B924C /* Products */ = {
			isa = PBXGroup;
			children = (
				9A629106182C643C007B924C /* NEIPG.app */,
				9A62912D182C643C007B924C /* NEIPGTests.xctest */,
			);
			name = Products;
			sourceTree = "<group>";
		};
		9A629108182C643C007B924C /* Frameworks */ = {
			isa = PBXGroup;
			children = (
				9ABE58FB18B67A47007ECB2C /* Security.framework */,
				9AA0C9A918627B9900457201 /* libsqlite3.0.dylib */,
				9A629109182C643C007B924C /* Foundation.framework */,
				9A62910B182C643C007B924C /* CoreGraphics.framework */,
				9A62910D182C643C007B924C /* UIKit.framework */,
				9A62912E182C643C007B924C /* XCTest.framework */,
			);
			name = Frameworks;
			sourceTree = "<group>";
		};
		9A62910F182C643C007B924C /* NEIPG */ = {
			isa = PBXGroup;
			children = (
				9A629110182C643C007B924C /* Supporting Files */,
				9A9C7A08184536B90099995C /* Resources */,
				9A98A7A718E62094000F89A4 /* images */,
				9A62911B182C643C007B924C /* Main_iPhone.storyboard */,
				9A62911E182C643C007B924C /* Main_iPad.storyboard */,
				9A629127182C643C007B924C /* Images.xcassets */,
				9A9F95EE18EC709000ECA3E7 /* callout1.png */,
				9A9D218418510326007FFBE6 /* NEIPG.xcdatamodeld */,
			);
			path = NEIPG;
			sourceTree = "<group>";
		};
		9A629110182C643C007B924C /* Supporting Files */ = {
			isa = PBXGroup;
			children = (
				9A629111182C643C007B924C /* NEIPG-Info.plist */,
				9A629112182C643C007B924C /* InfoPlist.strings */,
				9A629117182C643C007B924C /* NEIPG-Prefix.pch */,
			);
			name = "Supporting Files";
			sourceTree = "<group>";
		};
		9A629134182C643C007B924C /* NEIPGTests */ = {
			isa = PBXGroup;
			children = (
				9A62913A182C643C007B924C /* NEIPGTests.m */,
				9A629135182C643C007B924C /* Supporting Files */,
			);
			path = NEIPGTests;
			sourceTree = "<group>";
		};
		9A629135182C643C007B924C /* Supporting Files */ = {
			isa = PBXGroup;
			children = (
				9A629136182C643C007B924C /* NEIPGTests-Info.plist */,
				9A629137182C643C007B924C /* InfoPlist.strings */,
			);
			name = "Supporting Files";
			sourceTree = "<group>";
		};
		9A98A7A718E62094000F89A4 /* images */ = {
			isa = PBXGroup;
			children = (
				9A1106E01DAD87BC007B4C8D /* clozapine_anc_general.png */,
				9A1106DE1DAD87B3007B4C8D /* clozapine_anc_ben.png */,
				9A1106DC1DAD87A6007B4C8D /* aripiprazole_lai.png */,
				9A003A941DAD531D00D2A7B6 /* amphetamine-d.png */,
				9A003A951DAD531D00D2A7B6 /* amphetamine-dl.png */,
				9A003A971DAD531D00D2A7B6 /* aripiprazolelai1_6e.png */,
				9A003A981DAD531D00D2A7B6 /* aripiprazollai2_6e.png */,
				9A003A9A1DAD531D00D2A7B6 /* fluphenazine-lai.png */,
				9A003A9B1DAD531D00D2A7B6 /* haloperidol-lai.png */,
				9A003A9C1DAD531D00D2A7B6 /* methylphenidate-d.png */,
				9A003A9D1DAD531D00D2A7B6 /* methylphenidate-dl.png */,
				9A003A9E1DAD531D00D2A7B6 /* olanzapinelai.png */,
				9A003A9F1DAD531D00D2A7B6 /* risperidonelai.png */,
				9A7292C71BD19D5D002AE940 /* amisulpride_01.png */,
				9A7292C81BD19D5D002AE940 /* aripiprazole_01.png */,
				9A7292C91BD19D5D002AE940 /* asenapine_01.png */,
				9A7292CA1BD19D5D002AE940 /* brexpiprazole_01.png */,
				9A7292CB1BD19D5D002AE940 /* buprenorphine_table.png */,
				9A7292CC1BD19D5D002AE940 /* cariprazine_01.png */,
				9A7292CD1BD19D5D002AE940 /* clozapine_01.png */,
				9A7292CE1BD19D5D002AE940 /* from_maoi.png */,
				9A7292CF1BD19D5D002AE940 /* gabapentin.png */,
				9A7292D01BD19D5D002AE940 /* iloperidone_01.png */,
				9A7292D11BD19D5D002AE940 /* lurasidone_01.png */,
				9A7292D21BD19D5D002AE940 /* maoi_tables.png */,
				9A7292D31BD19D5D002AE940 /* olanzapine_01.png */,
				9A7292D41BD19D5D002AE940 /* olanzapine_lai_01.png */,
				9A7292D51BD19D5D002AE940 /* palipalm_01.png */,
				9A7292D61BD19D5D002AE940 /* paliperidoneer_01.png */,
				9A7292D71BD19D5D002AE940 /* quetiapine_01.png */,
				9A7292D81BD19D5D002AE940 /* risp_lai_01.png */,
				9A7292D91BD19D5D002AE940 /* risperidone_01.png */,
				9A7292DA1BD19D5D002AE940 /* schiz_tr.png */,
				9A7292DB1BD19D5D002AE940 /* to_maoi.png */,
				9A7292DC1BD19D5D002AE940 /* ziprasidone_01.png */,
			);
			name = images;
			sourceTree = "<group>";
		};
		9A9C7A08184536B90099995C /* Resources */ = {
			isa = PBXGroup;
			children = (
				9A1106E21DADADCF007B4C8D /* NEIPG.sqlite */,
				9A1F3B7B18EE182C00D825EE /* disclaimer.htm */,
				9ADD2B3C1912C63400051B24 /* bullet1.png */,
				9AC4B87318A998680017F86E /* close.png */,
				9A9F222618E4D795001C42AB /* nei_logo.png */,
				9AA0810618E9E3BF00786670 /* menu.png */,
				9AA4D76118EB4B2800969A11 /* bullet_red_asterisk.png */,
				9A9FB6D2193637AC006B1538 /* pl_az_bel.gif */,
				9A9FB6D3193637AC006B1538 /* pl_sunpharma_india.gif */,
				9A9FB6D4193637AC006B1538 /* pl_torrent_india.gif */,
				9A9FB6D5193637AC006B1538 /* pl_wyeth_aus.gif */,
				9A9FB6D6193637AC006B1538 /* pl_wyeth_dubai.gif */,
				9AA0810818EA16EF00786670 /* styles.css */,
				9AA4D72718EB351500969A11 /* artofpsychopharmacology.png */,
				9AA4D72818EB351500969A11 /* commonlyprescribedfor.png */,
				9AA4D72918EB351500969A11 /* contraindications.png */,
				9AA4D72A18EB351500969A11 /* dosinganduse.png */,
				9AA4D72B18EB351500969A11 /* interactions.png */,
				9AA4D72C18EB351500969A11 /* moa.png */,
				9AA4D72D18EB351500969A11 /* resources.png */,
				9AA4D72E18EB351500969A11 /* sideeffects.png */,
				9AA4D72F18EB351500969A11 /* specialpopulations.png */,
				9AA4D73018EB351500969A11 /* therapeuticresponse.png */,
				9AA4D73118EB351500969A11 /* warningsprecautions.png */,
				9ADD2B401912CB6E00051B24 /* pk.png */,
				9ADD2B411912CB6E00051B24 /* comorbid.png */,
				9A9F95F618ECC3D100ECA3E7 /* star1.png */,
				9A7E6E0D1857ED7E00EDC2C1 /* next-cal.gif */,
			);
			name = Resources;
			sourceTree = "<group>";
		};
		9B0CFBB81DFB58DE00EA86B1 /* Animator */ = {
			isa = PBXGroup;
			children = (
				9B0CFBB91DFB58DE00EA86B1 /* MBProgressHUD.h */,
				9B0CFBBA1DFB58DE00EA86B1 /* MBProgressHUD.m */,
			);
			path = Animator;
			sourceTree = "<group>";
		};
		9B0CFBBB1DFB58DE00EA86B1 /* Data Encryption */ = {
			isa = PBXGroup;
			children = (
				9B0CFBBC1DFB58DE00EA86B1 /* NSData+Base64.h */,
				9B0CFBBD1DFB58DE00EA86B1 /* NSData+Base64.m */,
				9B0CFBBE1DFB58DE00EA86B1 /* StringEncryption.h */,
				9B0CFBBF1DFB58DE00EA86B1 /* StringEncryption.m */,
			);
			path = "Data Encryption";
			sourceTree = "<group>";
		};
		9B0CFBC01DFB58DE00EA86B1 /* ECSlidingViewController */ = {
			isa = PBXGroup;
			children = (
				9B0CFBC11DFB58DE00EA86B1 /* ECPercentDrivenInteractiveTransition.h */,
				9B0CFBC21DFB58DE00EA86B1 /* ECPercentDrivenInteractiveTransition.m */,
				9B0CFBC31DFB58DE00EA86B1 /* ECSlidingAnimationController.h */,
				9B0CFBC41DFB58DE00EA86B1 /* ECSlidingAnimationController.m */,
				9B0CFBC51DFB58DE00EA86B1 /* ECSlidingConstants.h */,
				9B0CFBC61DFB58DE00EA86B1 /* ECSlidingInteractiveTransition.h */,
				9B0CFBC71DFB58DE00EA86B1 /* ECSlidingInteractiveTransition.m */,
				9B0CFBC81DFB58DE00EA86B1 /* ECSlidingSegue.h */,
				9B0CFBC91DFB58DE00EA86B1 /* ECSlidingSegue.m */,
				9B0CFBCA1DFB58DE00EA86B1 /* ECSlidingViewController.h */,
				9B0CFBCB1DFB58DE00EA86B1 /* ECSlidingViewController.m */,
				9B0CFBCC1DFB58DE00EA86B1 /* UIViewController+ECSlidingViewController.h */,
				9B0CFBCD1DFB58DE00EA86B1 /* UIViewController+ECSlidingViewController.m */,
			);
			path = ECSlidingViewController;
			sourceTree = "<group>";
		};
		9B0CFBCE1DFB58DE00EA86B1 /* Transition */ = {
			isa = PBXGroup;
			children = (
				9B0CFBCF1DFB58DE00EA86B1 /* MEDynamicTransition.h */,
				9B0CFBD01DFB58DE00EA86B1 /* MEDynamicTransition.m */,
				9B0CFBD11DFB58DE00EA86B1 /* MEFoldAnimationController.h */,
				9B0CFBD21DFB58DE00EA86B1 /* MEFoldAnimationController.m */,
				9B0CFBD31DFB58DE00EA86B1 /* METransitions.h */,
				9B0CFBD41DFB58DE00EA86B1 /* METransitions.m */,
				9B0CFBD51DFB58DE00EA86B1 /* MEZoomAnimationController.h */,
				9B0CFBD61DFB58DE00EA86B1 /* MEZoomAnimationController.m */,
			);
			path = Transition;
			sourceTree = "<group>";
		};
		9B0CFBE41DFB590B00EA86B1 /* String Encryption */ = {
			isa = PBXGroup;
			children = (
				9B0CFBE51DFB590B00EA86B1 /* KeychainItemWrapper.h */,
				9B0CFBE61DFB590B00EA86B1 /* KeychainItemWrapper.m */,
			);
			path = "String Encryption";
			sourceTree = "<group>";
		};
		9B95A0501DDF8B2F00FBC66F /* Swift Conversion */ = {
			isa = PBXGroup;
			children = (
				9B95A04C1DDF87FF00FBC66F /* PGAppDelegate.swift */,
				9BAEDE2D1DE4D35D0044E2AD /* DataBase */,
				9BAEDE281DE38F200044E2AD /* Controller */,
				9B95A05D1DDF9D4A00FBC66F /* Third Party  */,
				9B95A0511DDF8B2F00FBC66F /* General */,
				9B95A0521DDF8B2F00FBC66F /* Utilities */,
				9BF91C031DFF17E100481016 /* NEIPG-Bridging-Header.h */,
			);
			path = "Swift Conversion";
			sourceTree = "<group>";
		};
		9B95A0511DDF8B2F00FBC66F /* General */ = {
			isa = PBXGroup;
			children = (
				9B95A05B1DDF964000FBC66F /* NEIAlertMessage.swift */,
				9B95A0591DDF963A00FBC66F /* NEIUserDefaults.swift */,
				9B95A0571DDF963200FBC66F /* NEIConstantString.swift */,
				9B95A0551DDF8B5000FBC66F /* NEIColorDefinition.swift */,
			);
			path = General;
			sourceTree = "<group>";
		};
		9B95A0521DDF8B2F00FBC66F /* Utilities */ = {
			isa = PBXGroup;
			children = (
				9B95A0531DDF8B4800FBC66F /* UIColor+Additions.swift */,
			);
			path = Utilities;
			sourceTree = "<group>";
		};
		9B95A05D1DDF9D4A00FBC66F /* Third Party  */ = {
			isa = PBXGroup;
			children = (
				9B0CFBE41DFB590B00EA86B1 /* String Encryption */,
				9B0CFBB81DFB58DE00EA86B1 /* Animator */,
				9B0CFBBB1DFB58DE00EA86B1 /* Data Encryption */,
				9B0CFBC01DFB58DE00EA86B1 /* ECSlidingViewController */,
				9B0CFBCE1DFB58DE00EA86B1 /* Transition */,
			);
			path = "Third Party ";
			sourceTree = "<group>";
		};
		9BAEDE281DE38F200044E2AD /* Controller */ = {
			isa = PBXGroup;
			children = (
				9B0CFB9E1DFB54A100EA86B1 /* AutoCompleteIndicationViewController.swift */,
				9B0CFB9F1DFB54A100EA86B1 /* AutoCompleteTextFieldViewController.swift */,
				9B0CFBA01DFB54A100EA86B1 /* InitViewController.swift */,
				9B0CFBA11DFB54A100EA86B1 /* MenuViewController.swift */,
				9B0CFBA21DFB54A100EA86B1 /* PGDetailViewController.swift */,
				9B0CFBA31DFB54A100EA86B1 /* PGDisclaimerViewController.swift */,
				9B0CFBA41DFB54A100EA86B1 /* PGDrugListViewController.swift */,
				9B0CFBA51DFB54A100EA86B1 /* PGLoginViewController.swift */,
				9B0CFBA61DFB54A100EA86B1 /* PGMasterViewController.swift */,
				9B0CFBA71DFB54A100EA86B1 /* PGViewController.swift */,
				9B0CFBA81DFB54A100EA86B1 /* PGWebViewController.swift */,
			);
			path = Controller;
			sourceTree = "<group>";
		};
		9BAEDE2D1DE4D35D0044E2AD /* DataBase */ = {
			isa = PBXGroup;
			children = (
				9B0CFBB41DFB558E00EA86B1 /* PGCheckList.swift */,
				9B0CFBB51DFB558E00EA86B1 /* PGDataManager.swift */,
			);
			path = DataBase;
			sourceTree = "<group>";
		};
/* End PBXGroup section */

/* Begin PBXNativeTarget section */
		9A629105182C643C007B924C /* NEIPG */ = {
			isa = PBXNativeTarget;
			buildConfigurationList = 9A62913E182C643C007B924C /* Build configuration list for PBXNativeTarget "NEIPG" */;
			buildPhases = (
				9A629102182C643C007B924C /* Sources */,
				9A629103182C643C007B924C /* Frameworks */,
				9A629104182C643C007B924C /* Resources */,
			);
			buildRules = (
			);
			dependencies = (
			);
			name = NEIPG;
			productName = NEIPG;
			productReference = 9A629106182C643C007B924C /* NEIPG.app */;
			productType = "com.apple.product-type.application";
		};
		9A62912C182C643C007B924C /* NEIPGTests */ = {
			isa = PBXNativeTarget;
			buildConfigurationList = 9A629141182C643C007B924C /* Build configuration list for PBXNativeTarget "NEIPGTests" */;
			buildPhases = (
				9A629129182C643C007B924C /* Sources */,
				9A62912A182C643C007B924C /* Frameworks */,
				9A62912B182C643C007B924C /* Resources */,
			);
			buildRules = (
			);
			dependencies = (
				9A629133182C643C007B924C /* PBXTargetDependency */,
			);
			name = NEIPGTests;
			productName = NEIPGTests;
			productReference = 9A62912D182C643C007B924C /* NEIPGTests.xctest */;
			productType = "com.apple.product-type.bundle.unit-test";
		};
/* End PBXNativeTarget section */

/* Begin PBXProject section */
		9A6290FE182C643C007B924C /* Project object */ = {
			isa = PBXProject;
			attributes = {
				CLASSPREFIX = PG;
				LastUpgradeCheck = 0700;
				ORGANIZATIONNAME = "Yaogeng Cheng";
				TargetAttributes = {
					9A629105182C643C007B924C = {
						DevelopmentTeam = 53326A7Q7R;
						LastSwiftMigration = 0800;
						ProvisioningStyle = Automatic;
					};
					9A62912C182C643C007B924C = {
						TestTargetID = 9A629105182C643C007B924C;
					};
				};
			};
			buildConfigurationList = 9A629101182C643C007B924C /* Build configuration list for PBXProject "NEIPG" */;
			compatibilityVersion = "Xcode 3.2";
			developmentRegion = English;
			hasScannedForEncodings = 0;
			knownRegions = (
				en,
				Base,
			);
			mainGroup = 9A6290FD182C643C007B924C;
			productRefGroup = 9A629107182C643C007B924C /* Products */;
			projectDirPath = "";
			projectRoot = "";
			targets = (
				9A629105182C643C007B924C /* NEIPG */,
				9A62912C182C643C007B924C /* NEIPGTests */,
			);
		};
/* End PBXProject section */

/* Begin PBXResourcesBuildPhase section */
		9A629104182C643C007B924C /* Resources */ = {
			isa = PBXResourcesBuildPhase;
			buildActionMask = 2147483647;
			files = (
				9AA4D73218EB351500969A11 /* artofpsychopharmacology.png in Resources */,
				9A1106DD1DAD87A6007B4C8D /* aripiprazole_lai.png in Resources */,
				9AA0810718E9E3BF00786670 /* menu.png in Resources */,
				9A7292DD1BD19D5D002AE940 /* amisulpride_01.png in Resources */,
				9A7292F01BD19D5D002AE940 /* schiz_tr.png in Resources */,
				9AA4D73A18EB351500969A11 /* specialpopulations.png in Resources */,
				9A7292E71BD19D5D002AE940 /* lurasidone_01.png in Resources */,
				9AA4D73918EB351500969A11 /* sideeffects.png in Resources */,
				9A9FB6D7193637AC006B1538 /* pl_az_bel.gif in Resources */,
				9AA0810918EA16EF00786670 /* styles.css in Resources */,
				9A7292E51BD19D5D002AE940 /* gabapentin.png in Resources */,
				9AA4D73418EB351500969A11 /* contraindications.png in Resources */,
				9AA4D73C18EB351500969A11 /* warningsprecautions.png in Resources */,
				9A9F95F718ECC3D100ECA3E7 /* star1.png in Resources */,
				9A7292F21BD19D5D002AE940 /* ziprasidone_01.png in Resources */,
				9ADD2B431912CB6E00051B24 /* comorbid.png in Resources */,
				9A7292E81BD19D5D002AE940 /* maoi_tables.png in Resources */,
				9A629120182C643C007B924C /* Main_iPad.storyboard in Resources */,
				9A7292E41BD19D5D002AE940 /* from_maoi.png in Resources */,
				9A7292E21BD19D5D002AE940 /* cariprazine_01.png in Resources */,
				9A7292DF1BD19D5D002AE940 /* asenapine_01.png in Resources */,
				9A7292E31BD19D5D002AE940 /* clozapine_01.png in Resources */,
				9A003AA31DAD531D00D2A7B6 /* aripiprazolelai1_6e.png in Resources */,
				9ADD2B421912CB6E00051B24 /* pk.png in Resources */,
				9A7292E91BD19D5D002AE940 /* olanzapine_01.png in Resources */,
				9A003AA81DAD531D00D2A7B6 /* methylphenidate-d.png in Resources */,
				9A629128182C643C007B924C /* Images.xcassets in Resources */,
				9AA4D73618EB351500969A11 /* interactions.png in Resources */,
				9A9FB6DB193637AC006B1538 /* pl_wyeth_dubai.gif in Resources */,
				9A7292E01BD19D5D002AE940 /* brexpiprazole_01.png in Resources */,
				9A1106DF1DAD87B3007B4C8D /* clozapine_anc_ben.png in Resources */,
				9A1106E11DAD87BC007B4C8D /* clozapine_anc_general.png in Resources */,
				9A7292EF1BD19D5D002AE940 /* risperidone_01.png in Resources */,
				9A9F95F218EC709000ECA3E7 /* callout1.png in Resources */,
				9A9FB6DA193637AC006B1538 /* pl_wyeth_aus.gif in Resources */,
				9ADD2B3E1912C63400051B24 /* bullet1.png in Resources */,
				9A9FB6D9193637AC006B1538 /* pl_torrent_india.gif in Resources */,
				9A7292F11BD19D5D002AE940 /* to_maoi.png in Resources */,
				9A003AA11DAD531D00D2A7B6 /* amphetamine-dl.png in Resources */,
				9A7292EA1BD19D5D002AE940 /* olanzapine_lai_01.png in Resources */,
				9AA4D73318EB351500969A11 /* commonlyprescribedfor.png in Resources */,
				9A1F3B7C18EE182C00D825EE /* disclaimer.htm in Resources */,
				9A7292E11BD19D5D002AE940 /* buprenorphine_table.png in Resources */,
				9AC4B87418A998680017F86E /* close.png in Resources */,
				9A003AA01DAD531D00D2A7B6 /* amphetamine-d.png in Resources */,
				9A003AAB1DAD531D00D2A7B6 /* risperidonelai.png in Resources */,
				9A7292DE1BD19D5D002AE940 /* aripiprazole_01.png in Resources */,
				9AA4D73818EB351500969A11 /* resources.png in Resources */,
				9A7292ED1BD19D5D002AE940 /* quetiapine_01.png in Resources */,
				9A1106E31DADADCF007B4C8D /* NEIPG.sqlite in Resources */,
				9AA4D73B18EB351500969A11 /* therapeuticresponse.png in Resources */,
				9AA4D73718EB351500969A11 /* moa.png in Resources */,
				9A9F222718E4D795001C42AB /* nei_logo.png in Resources */,
				9A003AA61DAD531D00D2A7B6 /* fluphenazine-lai.png in Resources */,
				9AA4D73518EB351500969A11 /* dosinganduse.png in Resources */,
				9A7292EB1BD19D5D002AE940 /* palipalm_01.png in Resources */,
				9A003AA91DAD531D00D2A7B6 /* methylphenidate-dl.png in Resources */,
				9A7E6E0E1857ED7E00EDC2C1 /* next-cal.gif in Resources */,
				9A003AA41DAD531D00D2A7B6 /* aripiprazollai2_6e.png in Resources */,
				9A003AAA1DAD531D00D2A7B6 /* olanzapinelai.png in Resources */,
				9A62911D182C643C007B924C /* Main_iPhone.storyboard in Resources */,
				9A7292EC1BD19D5D002AE940 /* paliperidoneer_01.png in Resources */,
				9A629114182C643C007B924C /* InfoPlist.strings in Resources */,
				9AA4D76218EB4B2800969A11 /* bullet_red_asterisk.png in Resources */,
				9A003AA71DAD531D00D2A7B6 /* haloperidol-lai.png in Resources */,
				9A7292EE1BD19D5D002AE940 /* risp_lai_01.png in Resources */,
				9A9FB6D8193637AC006B1538 /* pl_sunpharma_india.gif in Resources */,
				9A7292E61BD19D5D002AE940 /* iloperidone_01.png in Resources */,
			);
			runOnlyForDeploymentPostprocessing = 0;
		};
		9A62912B182C643C007B924C /* Resources */ = {
			isa = PBXResourcesBuildPhase;
			buildActionMask = 2147483647;
			files = (
				9A629139182C643C007B924C /* InfoPlist.strings in Resources */,
			);
			runOnlyForDeploymentPostprocessing = 0;
		};
/* End PBXResourcesBuildPhase section */

/* Begin PBXSourcesBuildPhase section */
		9A629102182C643C007B924C /* Sources */ = {
			isa = PBXSourcesBuildPhase;
			buildActionMask = 2147483647;
			files = (
				9B95A04D1DDF87FF00FBC66F /* PGAppDelegate.swift in Sources */,
				9B0CFBAF1DFB54A100EA86B1 /* PGDrugListViewController.swift in Sources */,
				9B0CFBAC1DFB54A100EA86B1 /* MenuViewController.swift in Sources */,
				9B0CFBE31DFB58DF00EA86B1 /* MEZoomAnimationController.m in Sources */,
				9B0CFBE21DFB58DF00EA86B1 /* METransitions.m in Sources */,
				9B0CFBB31DFB54A200EA86B1 /* PGWebViewController.swift in Sources */,
				9B0CFBB01DFB54A100EA86B1 /* PGLoginViewController.swift in Sources */,
				9B95A0541DDF8B4800FBC66F /* UIColor+Additions.swift in Sources */,
				9B95A0581DDF963200FBC66F /* NEIConstantString.swift in Sources */,
				9B95A0561DDF8B5000FBC66F /* NEIColorDefinition.swift in Sources */,
				9B0CFBDB1DFB58DE00EA86B1 /* ECSlidingAnimationController.m in Sources */,
				9B0CFBDD1DFB58DE00EA86B1 /* ECSlidingSegue.m in Sources */,
				9B0CFBE71DFB590B00EA86B1 /* KeychainItemWrapper.m in Sources */,
				9B0CFBDE1DFB58DE00EA86B1 /* ECSlidingViewController.m in Sources */,
				9B0CFBB71DFB558E00EA86B1 /* PGDataManager.swift in Sources */,
				9B0CFBDC1DFB58DE00EA86B1 /* ECSlidingInteractiveTransition.m in Sources */,
				9B0CFBB21DFB54A100EA86B1 /* PGViewController.swift in Sources */,
				9B0CFBE01DFB58DF00EA86B1 /* MEDynamicTransition.m in Sources */,
				9B0CFBB11DFB54A100EA86B1 /* PGMasterViewController.swift in Sources */,
				9B0CFBE11DFB58DF00EA86B1 /* MEFoldAnimationController.m in Sources */,
				9B0CFBAA1DFB54A100EA86B1 /* AutoCompleteTextFieldViewController.swift in Sources */,
				9B0CFBAD1DFB54A100EA86B1 /* PGDetailViewController.swift in Sources */,
				9B0CFBA91DFB54A100EA86B1 /* AutoCompleteIndicationViewController.swift in Sources */,
				9B0CFBD91DFB58DE00EA86B1 /* StringEncryption.m in Sources */,
				9B0CFBD71DFB58DE00EA86B1 /* MBProgressHUD.m in Sources */,
				9B95A05C1DDF964000FBC66F /* NEIAlertMessage.swift in Sources */,
				9B0CFBDF1DFB58DE00EA86B1 /* UIViewController+ECSlidingViewController.m in Sources */,
				9B0CFBDA1DFB58DE00EA86B1 /* ECPercentDrivenInteractiveTransition.m in Sources */,
				9B0CFBAE1DFB54A100EA86B1 /* PGDisclaimerViewController.swift in Sources */,
				9B0CFBD81DFB58DE00EA86B1 /* NSData+Base64.m in Sources */,
				9B95A05A1DDF963A00FBC66F /* NEIUserDefaults.swift in Sources */,
				9B0CFBB61DFB558E00EA86B1 /* PGCheckList.swift in Sources */,
				9B0CFBAB1DFB54A100EA86B1 /* InitViewController.swift in Sources */,
				9A9D218618510326007FFBE6 /* NEIPG.xcdatamodeld in Sources */,
			);
			runOnlyForDeploymentPostprocessing = 0;
		};
		9A629129182C643C007B924C /* Sources */ = {
			isa = PBXSourcesBuildPhase;
			buildActionMask = 2147483647;
			files = (
				9A62913B182C643C007B924C /* NEIPGTests.m in Sources */,
			);
			runOnlyForDeploymentPostprocessing = 0;
		};
/* End PBXSourcesBuildPhase section */

/* Begin PBXTargetDependency section */
		9A629133182C643C007B924C /* PBXTargetDependency */ = {
			isa = PBXTargetDependency;
			target = 9A629105182C643C007B924C /* NEIPG */;
			targetProxy = 9A629132182C643C007B924C /* PBXContainerItemProxy */;
		};
/* End PBXTargetDependency section */

/* Begin PBXVariantGroup section */
		9A629112182C643C007B924C /* InfoPlist.strings */ = {
			isa = PBXVariantGroup;
			children = (
				9A629113182C643C007B924C /* en */,
			);
			name = InfoPlist.strings;
			sourceTree = "<group>";
		};
		9A62911B182C643C007B924C /* Main_iPhone.storyboard */ = {
			isa = PBXVariantGroup;
			children = (
				9A62911C182C643C007B924C /* Base */,
			);
			name = Main_iPhone.storyboard;
			sourceTree = "<group>";
		};
		9A62911E182C643C007B924C /* Main_iPad.storyboard */ = {
			isa = PBXVariantGroup;
			children = (
				9A62911F182C643C007B924C /* Base */,
			);
			name = Main_iPad.storyboard;
			sourceTree = "<group>";
		};
		9A629137182C643C007B924C /* InfoPlist.strings */ = {
			isa = PBXVariantGroup;
			children = (
				9A629138182C643C007B924C /* en */,
			);
			name = InfoPlist.strings;
			sourceTree = "<group>";
		};
/* End PBXVariantGroup section */

/* Begin XCBuildConfiguration section */
		9A62913C182C643C007B924C /* Debug */ = {
			isa = XCBuildConfiguration;
			buildSettings = {
				ALWAYS_SEARCH_USER_PATHS = NO;
				CLANG_CXX_LANGUAGE_STANDARD = "gnu++0x";
				CLANG_CXX_LIBRARY = "libc++";
				CLANG_ENABLE_MODULES = YES;
				CLANG_ENABLE_OBJC_ARC = YES;
				CLANG_WARN_BOOL_CONVERSION = YES;
				CLANG_WARN_CONSTANT_CONVERSION = YES;
				CLANG_WARN_DIRECT_OBJC_ISA_USAGE = YES_ERROR;
				CLANG_WARN_EMPTY_BODY = YES;
				CLANG_WARN_ENUM_CONVERSION = YES;
				CLANG_WARN_INT_CONVERSION = YES;
				CLANG_WARN_OBJC_ROOT_CLASS = YES_ERROR;
				CLANG_WARN__DUPLICATE_METHOD_MATCH = YES;
				CODE_SIGN_IDENTITY = "iPhone Developer";
				"CODE_SIGN_IDENTITY[sdk=iphoneos*]" = "iPhone Developer";
				COPY_PHASE_STRIP = NO;
				ENABLE_TESTABILITY = YES;
				GCC_C_LANGUAGE_STANDARD = gnu99;
				GCC_DYNAMIC_NO_PIC = NO;
				GCC_OPTIMIZATION_LEVEL = 0;
				GCC_PREPROCESSOR_DEFINITIONS = (
					"DEBUG=1",
					"$(inherited)",
				);
				GCC_SYMBOLS_PRIVATE_EXTERN = NO;
				GCC_WARN_64_TO_32_BIT_CONVERSION = YES;
				GCC_WARN_ABOUT_RETURN_TYPE = YES_ERROR;
				GCC_WARN_UNDECLARED_SELECTOR = YES;
				GCC_WARN_UNINITIALIZED_AUTOS = YES;
				GCC_WARN_UNUSED_FUNCTION = YES;
				GCC_WARN_UNUSED_VARIABLE = YES;
				IPHONEOS_DEPLOYMENT_TARGET = 7.0;
				ONLY_ACTIVE_ARCH = YES;
				SDKROOT = iphoneos;
				TARGETED_DEVICE_FAMILY = "1,2";
			};
			name = Debug;
		};
		9A62913D182C643C007B924C /* Release */ = {
			isa = XCBuildConfiguration;
			buildSettings = {
				ALWAYS_SEARCH_USER_PATHS = NO;
				CLANG_CXX_LANGUAGE_STANDARD = "gnu++0x";
				CLANG_CXX_LIBRARY = "libc++";
				CLANG_ENABLE_MODULES = YES;
				CLANG_ENABLE_OBJC_ARC = YES;
				CLANG_WARN_BOOL_CONVERSION = YES;
				CLANG_WARN_CONSTANT_CONVERSION = YES;
				CLANG_WARN_DIRECT_OBJC_ISA_USAGE = YES_ERROR;
				CLANG_WARN_EMPTY_BODY = YES;
				CLANG_WARN_ENUM_CONVERSION = YES;
				CLANG_WARN_INT_CONVERSION = YES;
				CLANG_WARN_OBJC_ROOT_CLASS = YES_ERROR;
				CLANG_WARN__DUPLICATE_METHOD_MATCH = YES;
				CODE_SIGN_IDENTITY = "iPhone Developer";
				"CODE_SIGN_IDENTITY[sdk=iphoneos*]" = "iPhone Developer";
				COPY_PHASE_STRIP = YES;
				ENABLE_NS_ASSERTIONS = NO;
				GCC_C_LANGUAGE_STANDARD = gnu99;
				GCC_WARN_64_TO_32_BIT_CONVERSION = YES;
				GCC_WARN_ABOUT_RETURN_TYPE = YES_ERROR;
				GCC_WARN_UNDECLARED_SELECTOR = YES;
				GCC_WARN_UNINITIALIZED_AUTOS = YES;
				GCC_WARN_UNUSED_FUNCTION = YES;
				GCC_WARN_UNUSED_VARIABLE = YES;
				IPHONEOS_DEPLOYMENT_TARGET = 7.0;
				SDKROOT = iphoneos;
				TARGETED_DEVICE_FAMILY = "1,2";
				VALIDATE_PRODUCT = YES;
			};
			name = Release;
		};
		9A62913F182C643C007B924C /* Debug */ = {
			isa = XCBuildConfiguration;
			buildSettings = {
				ASSETCATALOG_COMPILER_APPICON_NAME = AppIcon;
				ASSETCATALOG_COMPILER_LAUNCHIMAGE_NAME = LaunchImage;
				CLANG_ENABLE_MODULES = YES;
				CLANG_ENABLE_OBJC_ARC = YES;
				CODE_SIGN_IDENTITY = "iPhone Distribution: DJO Global (XLK44R65WT)";
				"CODE_SIGN_IDENTITY[sdk=iphoneos*]" = "iPhone Developer";
				DEVELOPMENT_TEAM = 53326A7Q7R;
				GCC_PRECOMPILE_PREFIX_HEADER = YES;
				GCC_PREFIX_HEADER = "NEIPG/NEIPG-Prefix.pch";
				INFOPLIST_FILE = "NEIPG/NEIPG-Info.plist";
				IPHONEOS_DEPLOYMENT_TARGET = 7.0;
				LD_RUNPATH_SEARCH_PATHS = "$(inherited) @executable_path/Frameworks";
				PRODUCT_BUNDLE_IDENTIFIER = com.mobileprogramming.nei;
				PRODUCT_NAME = "$(TARGET_NAME)";
				PROVISIONING_PROFILE = "";
				PROVISIONING_PROFILE_SPECIFIER = "";
				SWIFT_OBJC_BRIDGING_HEADER = "/Users/gouravsharma/NEIPG Code/Swift Conversion/NEIPG-Bridging-Header.h";
				SWIFT_OPTIMIZATION_LEVEL = "-Onone";
				SWIFT_VERSION = 3.0;
				TARGETED_DEVICE_FAMILY = 1;
				WRAPPER_EXTENSION = app;
			};
			name = Debug;
		};
		9A629140182C643C007B924C /* Release */ = {
			isa = XCBuildConfiguration;
			buildSettings = {
				ASSETCATALOG_COMPILER_APPICON_NAME = AppIcon;
				ASSETCATALOG_COMPILER_LAUNCHIMAGE_NAME = LaunchImage;
				CLANG_ENABLE_MODULES = YES;
				CLANG_ENABLE_OBJC_ARC = YES;
				CODE_SIGN_IDENTITY = "iPhone Distribution: DJO Global (XLK44R65WT)";
				"CODE_SIGN_IDENTITY[sdk=iphoneos*]" = "iPhone Developer";
				DEVELOPMENT_TEAM = 53326A7Q7R;
				GCC_PRECOMPILE_PREFIX_HEADER = YES;
				GCC_PREFIX_HEADER = "NEIPG/NEIPG-Prefix.pch";
				INFOPLIST_FILE = "NEIPG/NEIPG-Info.plist";
				IPHONEOS_DEPLOYMENT_TARGET = 7.0;
				LD_RUNPATH_SEARCH_PATHS = "$(inherited) @executable_path/Frameworks";
				PRODUCT_BUNDLE_IDENTIFIER = com.mobileprogramming.nei;
				PRODUCT_NAME = "$(TARGET_NAME)";
				PROVISIONING_PROFILE = "";
				PROVISIONING_PROFILE_SPECIFIER = "";
				SWIFT_OBJC_BRIDGING_HEADER = "/Users/gouravsharma/NEIPG Code/Swift Conversion/NEIPG-Bridging-Header.h";
				SWIFT_VERSION = 3.0;
				TARGETED_DEVICE_FAMILY = 1;
				WRAPPER_EXTENSION = app;
			};
			name = Release;
		};
		9A629142182C643C007B924C /* Debug */ = {
			isa = XCBuildConfiguration;
			buildSettings = {
				ALWAYS_EMBED_SWIFT_STANDARD_LIBRARIES = YES;
				BUNDLE_LOADER = "$(BUILT_PRODUCTS_DIR)/NEIPG.app/NEIPG";
				FRAMEWORK_SEARCH_PATHS = (
					"$(SDKROOT)/Developer/Library/Frameworks",
					"$(inherited)",
					"$(DEVELOPER_FRAMEWORKS_DIR)",
				);
				GCC_PRECOMPILE_PREFIX_HEADER = YES;
				GCC_PREFIX_HEADER = "NEIPG/NEIPG-Prefix.pch";
				GCC_PREPROCESSOR_DEFINITIONS = (
					"DEBUG=1",
					"$(inherited)",
				);
				INFOPLIST_FILE = "NEIPGTests/NEIPGTests-Info.plist";
				PRODUCT_BUNDLE_IDENTIFIER = "NEI.${PRODUCT_NAME:rfc1034identifier}";
				PRODUCT_NAME = "$(TARGET_NAME)";
				TEST_HOST = "$(BUNDLE_LOADER)";
				WRAPPER_EXTENSION = xctest;
			};
			name = Debug;
		};
		9A629143182C643C007B924C /* Release */ = {
			isa = XCBuildConfiguration;
			buildSettings = {
				ALWAYS_EMBED_SWIFT_STANDARD_LIBRARIES = YES;
				BUNDLE_LOADER = "$(BUILT_PRODUCTS_DIR)/NEIPG.app/NEIPG";
				FRAMEWORK_SEARCH_PATHS = (
					"$(SDKROOT)/Developer/Library/Frameworks",
					"$(inherited)",
					"$(DEVELOPER_FRAMEWORKS_DIR)",
				);
				GCC_PRECOMPILE_PREFIX_HEADER = YES;
				GCC_PREFIX_HEADER = "NEIPG/NEIPG-Prefix.pch";
				INFOPLIST_FILE = "NEIPGTests/NEIPGTests-Info.plist";
				PRODUCT_BUNDLE_IDENTIFIER = "NEI.${PRODUCT_NAME:rfc1034identifier}";
				PRODUCT_NAME = "$(TARGET_NAME)";
				TEST_HOST = "$(BUNDLE_LOADER)";
				WRAPPER_EXTENSION = xctest;
			};
			name = Release;
		};
/* End XCBuildConfiguration section */

/* Begin XCConfigurationList section */
		9A629101182C643C007B924C /* Build configuration list for PBXProject "NEIPG" */ = {
			isa = XCConfigurationList;
			buildConfigurations = (
				9A62913C182C643C007B924C /* Debug */,
				9A62913D182C643C007B924C /* Release */,
			);
			defaultConfigurationIsVisible = 0;
			defaultConfigurationName = Release;
		};
		9A62913E182C643C007B924C /* Build configuration list for PBXNativeTarget "NEIPG" */ = {
			isa = XCConfigurationList;
			buildConfigurations = (
				9A62913F182C643C007B924C /* Debug */,
				9A629140182C643C007B924C /* Release */,
			);
			defaultConfigurationIsVisible = 0;
			defaultConfigurationName = Release;
		};
		9A629141182C643C007B924C /* Build configuration list for PBXNativeTarget "NEIPGTests" */ = {
			isa = XCConfigurationList;
			buildConfigurations = (
				9A629142182C643C007B924C /* Debug */,
				9A629143182C643C007B924C /* Release */,
			);
			defaultConfigurationIsVisible = 0;
			defaultConfigurationName = Release;
		};
/* End XCConfigurationList section */

/* Begin XCVersionGroup section */
		9A9D218418510326007FFBE6 /* NEIPG.xcdatamodeld */ = {
			isa = XCVersionGroup;
			children = (
				9A9D218518510326007FFBE6 /* NEIPG.xcdatamodel */,
			);
			currentVersion = 9A9D218518510326007FFBE6 /* NEIPG.xcdatamodel */;
			path = NEIPG.xcdatamodeld;
			sourceTree = "<group>";
			versionGroupType = wrapper.xcdatamodel;
		};
/* End XCVersionGroup section */
	};
	rootObject = 9A6290FE182C643C007B924C /* Project object */;
}
